
Microsoft Visual Studio Solution File, Format Version 12.00
# Visual Studio Version 17
VisualStudioVersion = 17.13.35818.85 d17.13
MinimumVisualStudioVersion = 10.0.40219.1
Project("{FAE04EC0-301F-11D3-BF4B-00C04F79EFBC}") = "Modul4_103022300136", "Modul4_103022300136.csproj", "{57153D52-6B9D-4488-974A-FB2F280791E3}"
EndProject
Global
	GlobalSection(SolutionConfigurationPlatforms) = preSolution
		Debug|Any CPU = Debug|Any CPU
		Release|Any CPU = Release|Any CPU
	EndGlobalSection
	GlobalSection(ProjectConfigurationPlatforms) = postSolution
		{57153D52-6B9D-4488-974A-FB2F280791E3}.Debug|Any CPU.ActiveCfg = Debug|Any CPU
		{57153D52-6B9D-4488-974A-FB2F280791E3}.Debug|Any CPU.Build.0 = Debug|Any CPU
		{57153D52-6B9D-4488-974A-FB2F280791E3}.Release|Any CPU.ActiveCfg = Release|Any CPU
		{57153D52-6B9D-4488-974A-FB2F280791E3}.Release|Any CPU.Build.0 = Release|Any CPU
	EndGlobalSection
	GlobalSection(SolutionProperties) = preSolution
		HideSolutionNode = FALSE
	EndGlobalSection
	GlobalSection(ExtensibilityGlobals) = postSolution
		SolutionGuid = {3C7E23C3-C9F1-4349-B4A7-DE7767F83B35}
	EndGlobalSection
EndGlobal
